
Microsoft Visual Studio Solution File, Format Version 12.00
# Visual Studio Version 17
VisualStudioVersion = 17.1.32127.271
MinimumVisualStudioVersion = 10.0.40219.1
Project("{9A19103F-16F7-4668-BE54-9A1E7A4F7556}") = "Blazm.Hid", "Blazm.HID\Blazm.Hid\Blazm.Hid\Blazm.Hid.csproj", "{43DD789F-DAF3-4A3F-8485-D45F7AA5B0D4}"
EndProject
Project("{9A19103F-16F7-4668-BE54-9A1E7A4F7556}") = "PrimeWeb", "PrimeWeb\PrimeWeb.csproj", "{BB6DA909-4BE0-499F-85AD-F6074A9D6D3E}"
EndProject
Project("{9A19103F-16F7-4668-BE54-9A1E7A4F7556}") = "PrimeDev", "PrimeDev\PrimeDev.csproj", "{5392B0E8-2436-4625-A152-A86D5B5490A1}"
EndProject
Project("{2150E333-8FDC-42A3-9474-1A3956D46DE8}") = "Solution Items", "Solution Items", "{5F6591A0-51E4-4F93-8FEC-EB29A80DF8D7}"
	ProjectSection(SolutionItems) = preProject
		.editorconfig = .editorconfig
	EndProjectSection
EndProject
Global
	GlobalSection(SolutionConfigurationPlatforms) = preSolution
		Debug|Any CPU = Debug|Any CPU
		Release|Any CPU = Release|Any CPU
	EndGlobalSection
	GlobalSection(ProjectConfigurationPlatforms) = postSolution
		{43DD789F-DAF3-4A3F-8485-D45F7AA5B0D4}.Debug|Any CPU.ActiveCfg = Debug|Any CPU
		{43DD789F-DAF3-4A3F-8485-D45F7AA5B0D4}.Debug|Any CPU.Build.0 = Debug|Any CPU
		{43DD789F-DAF3-4A3F-8485-D45F7AA5B0D4}.Release|Any CPU.ActiveCfg = Release|Any CPU
		{43DD789F-DAF3-4A3F-8485-D45F7AA5B0D4}.Release|Any CPU.Build.0 = Release|Any CPU
		{BB6DA909-4BE0-499F-85AD-F6074A9D6D3E}.Debug|Any CPU.ActiveCfg = Debug|Any CPU
		{BB6DA909-4BE0-499F-85AD-F6074A9D6D3E}.Debug|Any CPU.Build.0 = Debug|Any CPU
		{BB6DA909-4BE0-499F-85AD-F6074A9D6D3E}.Release|Any CPU.ActiveCfg = Release|Any CPU
		{BB6DA909-4BE0-499F-85AD-F6074A9D6D3E}.Release|Any CPU.Build.0 = Release|Any CPU
		{5392B0E8-2436-4625-A152-A86D5B5490A1}.Debug|Any CPU.ActiveCfg = Debug|Any CPU
		{5392B0E8-2436-4625-A152-A86D5B5490A1}.Debug|Any CPU.Build.0 = Debug|Any CPU
		{5392B0E8-2436-4625-A152-A86D5B5490A1}.Release|Any CPU.ActiveCfg = Release|Any CPU
		{5392B0E8-2436-4625-A152-A86D5B5490A1}.Release|Any CPU.Build.0 = Release|Any CPU
	EndGlobalSection
	GlobalSection(SolutionProperties) = preSolution
		HideSolutionNode = FALSE
	EndGlobalSection
	GlobalSection(ExtensibilityGlobals) = postSolution
		SolutionGuid = {3BD084C0-574A-4E6A-BB19-A66434E55E26}
	EndGlobalSection
EndGlobal
